
Microsoft Visual Studio Solution File, Format Version 12.00
# Visual Studio 2012
Project("{FAE04EC0-301F-11D3-BF4B-00C04F79EFBC}") = "Chart test", "WpfApplication1\Chart test.csproj", "{886376FC-2799-4D69-B2C1-CC8461E2112D}"
EndProject
Global
	GlobalSection(SolutionConfigurationPlatforms) = preSolution
		Debug|Any CPU = Debug|Any CPU
		Release|Any CPU = Release|Any CPU
	EndGlobalSection
	GlobalSection(ProjectConfigurationPlatforms) = postSolution
		{886376FC-2799-4D69-B2C1-CC8461E2112D}.Debug|Any CPU.ActiveCfg = Debug|Any CPU
		{886376FC-2799-4D69-B2C1-CC8461E2112D}.Debug|Any CPU.Build.0 = Debug|Any CPU
		{886376FC-2799-4D69-B2C1-CC8461E2112D}.Release|Any CPU.ActiveCfg = Release|Any CPU
		{886376FC-2799-4D69-B2C1-CC8461E2112D}.Release|Any CPU.Build.0 = Release|Any CPU
	EndGlobalSection
	GlobalSection(SolutionProperties) = preSolution
		HideSolutionNode = FALSE
	EndGlobalSection
EndGlobal
